
Microsoft Visual Studio Solution File, Format Version 12.00
# Visual Studio Version 16
VisualStudioVersion = 16.0.30621.155
MinimumVisualStudioVersion = 10.0.40219.1
Project("{FAE04EC0-301F-11D3-BF4B-00C04F79EFBC}") = "DealerOnSalesTax", "DealerOnSalesTax\DealerOnSalesTax.csproj", "{ACAB8ABE-5601-4D17-A024-A68F36D57CCB}"
EndProject
Global
	GlobalSection(SolutionConfigurationPlatforms) = preSolution
		Debug|Any CPU = Debug|Any CPU
		Release|Any CPU = Release|Any CPU
	EndGlobalSection
	GlobalSection(ProjectConfigurationPlatforms) = postSolution
		{ACAB8ABE-5601-4D17-A024-A68F36D57CCB}.Debug|Any CPU.ActiveCfg = Debug|Any CPU
		{ACAB8ABE-5601-4D17-A024-A68F36D57CCB}.Debug|Any CPU.Build.0 = Debug|Any CPU
		{ACAB8ABE-5601-4D17-A024-A68F36D57CCB}.Release|Any CPU.ActiveCfg = Release|Any CPU
		{ACAB8ABE-5601-4D17-A024-A68F36D57CCB}.Release|Any CPU.Build.0 = Release|Any CPU
	EndGlobalSection
	GlobalSection(SolutionProperties) = preSolution
		HideSolutionNode = FALSE
	EndGlobalSection
	GlobalSection(ExtensibilityGlobals) = postSolution
		SolutionGuid = {A646C6B1-23CB-413A-B87F-6CCF3AE666D5}
	EndGlobalSection
EndGlobal
